// !$*UTF8*$!
{
	archiveVersion = 1;
	classes = {
	};
	objectVersion = 50;
	objects = {

/* Begin PBXBuildFile section */
		DC7001A22178D73B004953DB /* AppDelegate.swift in Sources */ = {isa = PBXBuildFile; fileRef = DC7001A12178D73B004953DB /* AppDelegate.swift */; };
		DC7001A42178D73B004953DB /* ViewController.swift in Sources */ = {isa = PBXBuildFile; fileRef = DC7001A32178D73B004953DB /* ViewController.swift */; };
		DC7001A72178D73B004953DB /* Main.storyboard in Resources */ = {isa = PBXBuildFile; fileRef = DC7001A52178D73B004953DB /* Main.storyboard */; };
		DC7001AA2178D73B004953DB /* NanoChallengeNASA.xcdatamodeld in Sources */ = {isa = PBXBuildFile; fileRef = DC7001A82178D73B004953DB /* NanoChallengeNASA.xcdatamodeld */; };
		DC7001AC2178D73B004953DB /* Assets.xcassets in Resources */ = {isa = PBXBuildFile; fileRef = DC7001AB2178D73B004953DB /* Assets.xcassets */; };
		DC7001AF2178D73B004953DB /* LaunchScreen.storyboard in Resources */ = {isa = PBXBuildFile; fileRef = DC7001AD2178D73B004953DB /* LaunchScreen.storyboard */; };
		DC7001B92178FEC0004953DB /* APIManager.swift in Sources */ = {isa = PBXBuildFile; fileRef = DC7001B82178FEC0004953DB /* APIManager.swift */; };
		DC7001BB2178FF4D004953DB /* Response.swift in Sources */ = {isa = PBXBuildFile; fileRef = DC7001BA2178FF4D004953DB /* Response.swift */; };
		DC7001BE21790450004953DB /* CollectionViewCell.swift in Sources */ = {isa = PBXBuildFile; fileRef = DC7001BC21790450004953DB /* CollectionViewCell.swift */; };
		DC7001BF21790450004953DB /* CollectionViewCell.xib in Resources */ = {isa = PBXBuildFile; fileRef = DC7001BD21790450004953DB /* CollectionViewCell.xib */; };
		DC7001C32179FD00004953DB /* PinterestLayout.swift in Sources */ = {isa = PBXBuildFile; fileRef = DC7001C22179FD00004953DB /* PinterestLayout.swift */; };
		DC7001C5217A0F92004953DB /* PeekViewController.swift in Sources */ = {isa = PBXBuildFile; fileRef = DC7001C4217A0F92004953DB /* PeekViewController.swift */; };
		DC7001C7217A1D75004953DB /* DetailsViewController.swift in Sources */ = {isa = PBXBuildFile; fileRef = DC7001C6217A1D75004953DB /* DetailsViewController.swift */; };
		DC7001C9217DEA55004953DB /* FavoritesViewController.swift in Sources */ = {isa = PBXBuildFile; fileRef = DC7001C8217DEA55004953DB /* FavoritesViewController.swift */; };
		DC7001CD217E013E004953DB /* DBManager.swift in Sources */ = {isa = PBXBuildFile; fileRef = DC7001CC217E013E004953DB /* DBManager.swift */; };
		DCD45510217F3A8800A2FBFB /* NotificationService.swift in Sources */ = {isa = PBXBuildFile; fileRef = DCD4550F217F3A8800A2FBFB /* NotificationService.swift */; };
		DCD45514217F3A8800A2FBFB /* NotificationService.appex in Embed App Extensions */ = {isa = PBXBuildFile; fileRef = DCD4550D217F3A8800A2FBFB /* NotificationService.appex */; settings = {ATTRIBUTES = (RemoveHeadersOnCopy, ); }; };
/* End PBXBuildFile section */

/* Begin PBXContainerItemProxy section */
		DCD45512217F3A8800A2FBFB /* PBXContainerItemProxy */ = {
			isa = PBXContainerItemProxy;
			containerPortal = DC7001962178D73B004953DB /* Project object */;
			proxyType = 1;
			remoteGlobalIDString = DCD4550C217F3A8800A2FBFB;
			remoteInfo = NotificationService;
		};
/* End PBXContainerItemProxy section */

/* Begin PBXCopyFilesBuildPhase section */
		DCD45518217F3A8800A2FBFB /* Embed App Extensions */ = {
			isa = PBXCopyFilesBuildPhase;
			buildActionMask = 2147483647;
			dstPath = "";
			dstSubfolderSpec = 13;
			files = (
				DCD45514217F3A8800A2FBFB /* NotificationService.appex in Embed App Extensions */,
			);
			name = "Embed App Extensions";
			runOnlyForDeploymentPostprocessing = 0;
		};
/* End PBXCopyFilesBuildPhase section */

/* Begin PBXFileReference section */
		DC70019E2178D73B004953DB /* NanoChallengeNASA.app */ = {isa = PBXFileReference; explicitFileType = wrapper.application; includeInIndex = 0; path = NanoChallengeNASA.app; sourceTree = BUILT_PRODUCTS_DIR; };
		DC7001A12178D73B004953DB /* AppDelegate.swift */ = {isa = PBXFileReference; lastKnownFileType = sourcecode.swift; path = AppDelegate.swift; sourceTree = "<group>"; };
		DC7001A32178D73B004953DB /* ViewController.swift */ = {isa = PBXFileReference; lastKnownFileType = sourcecode.swift; path = ViewController.swift; sourceTree = "<group>"; };
		DC7001A62178D73B004953DB /* Base */ = {isa = PBXFileReference; lastKnownFileType = file.storyboard; name = Base; path = Base.lproj/Main.storyboard; sourceTree = "<group>"; };
		DC7001A92178D73B004953DB /* NanoChallengeNASA.xcdatamodel */ = {isa = PBXFileReference; lastKnownFileType = wrapper.xcdatamodel; path = NanoChallengeNASA.xcdatamodel; sourceTree = "<group>"; };
		DC7001AB2178D73B004953DB /* Assets.xcassets */ = {isa = PBXFileReference; lastKnownFileType = folder.assetcatalog; path = Assets.xcassets; sourceTree = "<group>"; };
		DC7001AE2178D73B004953DB /* Base */ = {isa = PBXFileReference; lastKnownFileType = file.storyboard; name = Base; path = Base.lproj/LaunchScreen.storyboard; sourceTree = "<group>"; };
		DC7001B02178D73B004953DB /* Info.plist */ = {isa = PBXFileReference; lastKnownFileType = text.plist.xml; path = Info.plist; sourceTree = "<group>"; };
		DC7001B82178FEC0004953DB /* APIManager.swift */ = {isa = PBXFileReference; lastKnownFileType = sourcecode.swift; path = APIManager.swift; sourceTree = "<group>"; };
		DC7001BA2178FF4D004953DB /* Response.swift */ = {isa = PBXFileReference; lastKnownFileType = sourcecode.swift; path = Response.swift; sourceTree = "<group>"; };
		DC7001BC21790450004953DB /* CollectionViewCell.swift */ = {isa = PBXFileReference; lastKnownFileType = sourcecode.swift; path = CollectionViewCell.swift; sourceTree = "<group>"; };
		DC7001BD21790450004953DB /* CollectionViewCell.xib */ = {isa = PBXFileReference; lastKnownFileType = file.xib; path = CollectionViewCell.xib; sourceTree = "<group>"; };
		DC7001C22179FD00004953DB /* PinterestLayout.swift */ = {isa = PBXFileReference; lastKnownFileType = sourcecode.swift; path = PinterestLayout.swift; sourceTree = "<group>"; };
		DC7001C4217A0F92004953DB /* PeekViewController.swift */ = {isa = PBXFileReference; lastKnownFileType = sourcecode.swift; path = PeekViewController.swift; sourceTree = "<group>"; };
		DC7001C6217A1D75004953DB /* DetailsViewController.swift */ = {isa = PBXFileReference; lastKnownFileType = sourcecode.swift; path = DetailsViewController.swift; sourceTree = "<group>"; };
		DC7001C8217DEA55004953DB /* FavoritesViewController.swift */ = {isa = PBXFileReference; lastKnownFileType = sourcecode.swift; path = FavoritesViewController.swift; sourceTree = "<group>"; };
		DC7001CC217E013E004953DB /* DBManager.swift */ = {isa = PBXFileReference; lastKnownFileType = sourcecode.swift; path = DBManager.swift; sourceTree = "<group>"; };
		DC7001CE217E17BB004953DB /* NanoChallengeNASA.entitlements */ = {isa = PBXFileReference; lastKnownFileType = text.plist.entitlements; path = NanoChallengeNASA.entitlements; sourceTree = "<group>"; };
		DCD4550D217F3A8800A2FBFB /* NotificationService.appex */ = {isa = PBXFileReference; explicitFileType = "wrapper.app-extension"; includeInIndex = 0; path = NotificationService.appex; sourceTree = BUILT_PRODUCTS_DIR; };
		DCD4550F217F3A8800A2FBFB /* NotificationService.swift */ = {isa = PBXFileReference; lastKnownFileType = sourcecode.swift; path = NotificationService.swift; sourceTree = "<group>"; };
		DCD45511217F3A8800A2FBFB /* Info.plist */ = {isa = PBXFileReference; lastKnownFileType = text.plist.xml; path = Info.plist; sourceTree = "<group>"; };
/* End PBXFileReference section */

/* Begin PBXFrameworksBuildPhase section */
		DC70019B2178D73B004953DB /* Frameworks */ = {
			isa = PBXFrameworksBuildPhase;
			buildActionMask = 2147483647;
			files = (
			);
			runOnlyForDeploymentPostprocessing = 0;
		};
		DCD4550A217F3A8800A2FBFB /* Frameworks */ = {
			isa = PBXFrameworksBuildPhase;
			buildActionMask = 2147483647;
			files = (
			);
			runOnlyForDeploymentPostprocessing = 0;
		};
/* End PBXFrameworksBuildPhase section */

/* Begin PBXGroup section */
		DC7001952178D73B004953DB = {
			isa = PBXGroup;
			children = (
				DC7001A02178D73B004953DB /* NanoChallengeNASA */,
				DCD4550E217F3A8800A2FBFB /* NotificationService */,
				DC70019F2178D73B004953DB /* Products */,
			);
			sourceTree = "<group>";
		};
		DC70019F2178D73B004953DB /* Products */ = {
			isa = PBXGroup;
			children = (
				DC70019E2178D73B004953DB /* NanoChallengeNASA.app */,
				DCD4550D217F3A8800A2FBFB /* NotificationService.appex */,
			);
			name = Products;
			sourceTree = "<group>";
		};
		DC7001A02178D73B004953DB /* NanoChallengeNASA */ = {
			isa = PBXGroup;
			children = (
				DC7001CE217E17BB004953DB /* NanoChallengeNASA.entitlements */,
				DC7001A12178D73B004953DB /* AppDelegate.swift */,
				DC7001B82178FEC0004953DB /* APIManager.swift */,
				DC7001BA2178FF4D004953DB /* Response.swift */,
				DC7001A32178D73B004953DB /* ViewController.swift */,
				DC7001A52178D73B004953DB /* Main.storyboard */,
				DC7001AB2178D73B004953DB /* Assets.xcassets */,
				DC7001AD2178D73B004953DB /* LaunchScreen.storyboard */,
				DC7001B02178D73B004953DB /* Info.plist */,
				DC7001A82178D73B004953DB /* NanoChallengeNASA.xcdatamodeld */,
				DC7001BC21790450004953DB /* CollectionViewCell.swift */,
				DC7001BD21790450004953DB /* CollectionViewCell.xib */,
				DC7001C22179FD00004953DB /* PinterestLayout.swift */,
				DC7001C4217A0F92004953DB /* PeekViewController.swift */,
				DC7001C6217A1D75004953DB /* DetailsViewController.swift */,
				DC7001C8217DEA55004953DB /* FavoritesViewController.swift */,
				DC7001CC217E013E004953DB /* DBManager.swift */,
			);
			path = NanoChallengeNASA;
			sourceTree = "<group>";
		};
		DCD4550E217F3A8800A2FBFB /* NotificationService */ = {
			isa = PBXGroup;
			children = (
				DCD4550F217F3A8800A2FBFB /* NotificationService.swift */,
				DCD45511217F3A8800A2FBFB /* Info.plist */,
			);
			path = NotificationService;
			sourceTree = "<group>";
		};
/* End PBXGroup section */

/* Begin PBXNativeTarget section */
		DC70019D2178D73B004953DB /* NanoChallengeNASA */ = {
			isa = PBXNativeTarget;
			buildConfigurationList = DC7001B32178D73B004953DB /* Build configuration list for PBXNativeTarget "NanoChallengeNASA" */;
			buildPhases = (
				DC70019A2178D73B004953DB /* Sources */,
				DC70019B2178D73B004953DB /* Frameworks */,
				DC70019C2178D73B004953DB /* Resources */,
				DCD45518217F3A8800A2FBFB /* Embed App Extensions */,
			);
			buildRules = (
			);
			dependencies = (
				DCD45513217F3A8800A2FBFB /* PBXTargetDependency */,
			);
			name = NanoChallengeNASA;
			productName = NanoChallengeNASA;
			productReference = DC70019E2178D73B004953DB /* NanoChallengeNASA.app */;
			productType = "com.apple.product-type.application";
		};
		DCD4550C217F3A8800A2FBFB /* NotificationService */ = {
			isa = PBXNativeTarget;
			buildConfigurationList = DCD45515217F3A8800A2FBFB /* Build configuration list for PBXNativeTarget "NotificationService" */;
			buildPhases = (
				DCD45509217F3A8800A2FBFB /* Sources */,
				DCD4550A217F3A8800A2FBFB /* Frameworks */,
				DCD4550B217F3A8800A2FBFB /* Resources */,
			);
			buildRules = (
			);
			dependencies = (
			);
			name = NotificationService;
			productName = NotificationService;
			productReference = DCD4550D217F3A8800A2FBFB /* NotificationService.appex */;
			productType = "com.apple.product-type.app-extension";
		};
/* End PBXNativeTarget section */

/* Begin PBXProject section */
		DC7001962178D73B004953DB /* Project object */ = {
			isa = PBXProject;
			attributes = {
				LastSwiftUpdateCheck = 1000;
				LastUpgradeCheck = 1000;
				ORGANIZATIONNAME = "Mateus Rodrigues";
				TargetAttributes = {
					DC70019D2178D73B004953DB = {
						CreatedOnToolsVersion = 10.0;
						SystemCapabilities = {
							com.apple.Push = {
								enabled = 1;
							};
						};
					};
					DCD4550C217F3A8800A2FBFB = {
						CreatedOnToolsVersion = 10.0;
					};
				};
			};
			buildConfigurationList = DC7001992178D73B004953DB /* Build configuration list for PBXProject "NanoChallengeNASA" */;
			compatibilityVersion = "Xcode 9.3";
			developmentRegion = en;
			hasScannedForEncodings = 0;
			knownRegions = (
				en,
				Base,
			);
			mainGroup = DC7001952178D73B004953DB;
			productRefGroup = DC70019F2178D73B004953DB /* Products */;
			projectDirPath = "";
			projectRoot = "";
			targets = (
				DC70019D2178D73B004953DB /* NanoChallengeNASA */,
				DCD4550C217F3A8800A2FBFB /* NotificationService */,
			);
		};
/* End PBXProject section */

/* Begin PBXResourcesBuildPhase section */
		DC70019C2178D73B004953DB /* Resources */ = {
			isa = PBXResourcesBuildPhase;
			buildActionMask = 2147483647;
			files = (
				DC7001AF2178D73B004953DB /* LaunchScreen.storyboard in Resources */,
				DC7001AC2178D73B004953DB /* Assets.xcassets in Resources */,
				DC7001BF21790450004953DB /* CollectionViewCell.xib in Resources */,
				DC7001A72178D73B004953DB /* Main.storyboard in Resources */,
			);
			runOnlyForDeploymentPostprocessing = 0;
		};
		DCD4550B217F3A8800A2FBFB /* Resources */ = {
			isa = PBXResourcesBuildPhase;
			buildActionMask = 2147483647;
			files = (
			);
			runOnlyForDeploymentPostprocessing = 0;
		};
/* End PBXResourcesBuildPhase section */

/* Begin PBXSourcesBuildPhase section */
		DC70019A2178D73B004953DB /* Sources */ = {
			isa = PBXSourcesBuildPhase;
			buildActionMask = 2147483647;
			files = (
				DC7001B92178FEC0004953DB /* APIManager.swift in Sources */,
				DC7001AA2178D73B004953DB /* NanoChallengeNASA.xcdatamodeld in Sources */,
				DC7001C7217A1D75004953DB /* DetailsViewController.swift in Sources */,
				DC7001BE21790450004953DB /* CollectionViewCell.swift in Sources */,
				DC7001C32179FD00004953DB /* PinterestLayout.swift in Sources */,
				DC7001CD217E013E004953DB /* DBManager.swift in Sources */,
				DC7001A42178D73B004953DB /* ViewController.swift in Sources */,
				DC7001A22178D73B004953DB /* AppDelegate.swift in Sources */,
				DC7001BB2178FF4D004953DB /* Response.swift in Sources */,
				DC7001C9217DEA55004953DB /* FavoritesViewController.swift in Sources */,
				DC7001C5217A0F92004953DB /* PeekViewController.swift in Sources */,
			);
			runOnlyForDeploymentPostprocessing = 0;
		};
		DCD45509217F3A8800A2FBFB /* Sources */ = {
			isa = PBXSourcesBuildPhase;
			buildActionMask = 2147483647;
			files = (
				DCD45510217F3A8800A2FBFB /* NotificationService.swift in Sources */,
			);
			runOnlyForDeploymentPostprocessing = 0;
		};
/* End PBXSourcesBuildPhase section */

/* Begin PBXTargetDependency section */
		DCD45513217F3A8800A2FBFB /* PBXTargetDependency */ = {
			isa = PBXTargetDependency;
			target = DCD4550C217F3A8800A2FBFB /* NotificationService */;
			targetProxy = DCD45512217F3A8800A2FBFB /* PBXContainerItemProxy */;
		};
/* End PBXTargetDependency section */

/* Begin PBXVariantGroup section */
		DC7001A52178D73B004953DB /* Main.storyboard */ = {
			isa = PBXVariantGroup;
			children = (
				DC7001A62178D73B004953DB /* Base */,
			);
			name = Main.storyboard;
			sourceTree = "<group>";
		};
		DC7001AD2178D73B004953DB /* LaunchScreen.storyboard */ = {
			isa = PBXVariantGroup;
			children = (
				DC7001AE2178D73B004953DB /* Base */,
			);
			name = LaunchScreen.storyboard;
			sourceTree = "<group>";
		};
/* End PBXVariantGroup section */

/* Begin XCBuildConfiguration section */
		DC7001B12178D73B004953DB /* Debug */ = {
			isa = XCBuildConfiguration;
			buildSettings = {
				ALWAYS_SEARCH_USER_PATHS = NO;
				CLANG_ANALYZER_NONNULL = YES;
				CLANG_ANALYZER_NUMBER_OBJECT_CONVERSION = YES_AGGRESSIVE;
				CLANG_CXX_LANGUAGE_STANDARD = "gnu++14";
				CLANG_CXX_LIBRARY = "libc++";
				CLANG_ENABLE_MODULES = YES;
				CLANG_ENABLE_OBJC_ARC = YES;
				CLANG_ENABLE_OBJC_WEAK = YES;
				CLANG_WARN_BLOCK_CAPTURE_AUTORELEASING = YES;
				CLANG_WARN_BOOL_CONVERSION = YES;
				CLANG_WARN_COMMA = YES;
				CLANG_WARN_CONSTANT_CONVERSION = YES;
				CLANG_WARN_DEPRECATED_OBJC_IMPLEMENTATIONS = YES;
				CLANG_WARN_DIRECT_OBJC_ISA_USAGE = YES_ERROR;
				CLANG_WARN_DOCUMENTATION_COMMENTS = YES;
				CLANG_WARN_EMPTY_BODY = YES;
				CLANG_WARN_ENUM_CONVERSION = YES;
				CLANG_WARN_INFINITE_RECURSION = YES;
				CLANG_WARN_INT_CONVERSION = YES;
				CLANG_WARN_NON_LITERAL_NULL_CONVERSION = YES;
				CLANG_WARN_OBJC_IMPLICIT_RETAIN_SELF = YES;
				CLANG_WARN_OBJC_LITERAL_CONVERSION = YES;
				CLANG_WARN_OBJC_ROOT_CLASS = YES_ERROR;
				CLANG_WARN_RANGE_LOOP_ANALYSIS = YES;
				CLANG_WARN_STRICT_PROTOTYPES = YES;
				CLANG_WARN_SUSPICIOUS_MOVE = YES;
				CLANG_WARN_UNGUARDED_AVAILABILITY = YES_AGGRESSIVE;
				CLANG_WARN_UNREACHABLE_CODE = YES;
				CLANG_WARN__DUPLICATE_METHOD_MATCH = YES;
				CODE_SIGN_IDENTITY = "iPhone Developer";
				COPY_PHASE_STRIP = NO;
				DEBUG_INFORMATION_FORMAT = dwarf;
				ENABLE_STRICT_OBJC_MSGSEND = YES;
				ENABLE_TESTABILITY = YES;
				GCC_C_LANGUAGE_STANDARD = gnu11;
				GCC_DYNAMIC_NO_PIC = NO;
				GCC_NO_COMMON_BLOCKS = YES;
				GCC_OPTIMIZATION_LEVEL = 0;
				GCC_PREPROCESSOR_DEFINITIONS = (
					"DEBUG=1",
					"$(inherited)",
				);
				GCC_WARN_64_TO_32_BIT_CONVERSION = YES;
				GCC_WARN_ABOUT_RETURN_TYPE = YES_ERROR;
				GCC_WARN_UNDECLARED_SELECTOR = YES;
				GCC_WARN_UNINITIALIZED_AUTOS = YES_AGGRESSIVE;
				GCC_WARN_UNUSED_FUNCTION = YES;
				GCC_WARN_UNUSED_VARIABLE = YES;
				IPHONEOS_DEPLOYMENT_TARGET = 12.0;
				MTL_ENABLE_DEBUG_INFO = INCLUDE_SOURCE;
				MTL_FAST_MATH = YES;
				ONLY_ACTIVE_ARCH = YES;
				SDKROOT = iphoneos;
				SWIFT_ACTIVE_COMPILATION_CONDITIONS = DEBUG;
				SWIFT_OPTIMIZATION_LEVEL = "-Onone";
			};
			name = Debug;
		};
		DC7001B22178D73B004953DB /* Release */ = {
			isa = XCBuildConfiguration;
			buildSettings = {
				ALWAYS_SEARCH_USER_PATHS = NO;
				CLANG_ANALYZER_NONNULL = YES;
				CLANG_ANALYZER_NUMBER_OBJECT_CONVERSION = YES_AGGRESSIVE;
				CLANG_CXX_LANGUAGE_STANDARD = "gnu++14";
				CLANG_CXX_LIBRARY = "libc++";
				CLANG_ENABLE_MODULES = YES;
				CLANG_ENABLE_OBJC_ARC = YES;
				CLANG_ENABLE_OBJC_WEAK = YES;
				CLANG_WARN_BLOCK_CAPTURE_AUTORELEASING = YES;
				CLANG_WARN_BOOL_CONVERSION = YES;
				CLANG_WARN_COMMA = YES;
				CLANG_WARN_CONSTANT_CONVERSION = YES;
				CLANG_WARN_DEPRECATED_OBJC_IMPLEMENTATIONS = YES;
				CLANG_WARN_DIRECT_OBJC_ISA_USAGE = YES_ERROR;
				CLANG_WARN_DOCUMENTATION_COMMENTS = YES;
				CLANG_WARN_EMPTY_BODY = YES;
				CLANG_WARN_ENUM_CONVERSION = YES;
				CLANG_WARN_INFINITE_RECURSION = YES;
				CLANG_WARN_INT_CONVERSION = YES;
				CLANG_WARN_NON_LITERAL_NULL_CONVERSION = YES;
				CLANG_WARN_OBJC_IMPLICIT_RETAIN_SELF = YES;
				CLANG_WARN_OBJC_LITERAL_CONVERSION = YES;
				CLANG_WARN_OBJC_ROOT_CLASS = YES_ERROR;
				CLANG_WARN_RANGE_LOOP_ANALYSIS = YES;
				CLANG_WARN_STRICT_PROTOTYPES = YES;
				CLANG_WARN_SUSPICIOUS_MOVE = YES;
				CLANG_WARN_UNGUARDED_AVAILABILITY = YES_AGGRESSIVE;
				CLANG_WARN_UNREACHABLE_CODE = YES;
				CLANG_WARN__DUPLICATE_METHOD_MATCH = YES;
				CODE_SIGN_IDENTITY = "iPhone Developer";
				COPY_PHASE_STRIP = NO;
				DEBUG_INFORMATION_FORMAT = "dwarf-with-dsym";
				ENABLE_NS_ASSERTIONS = NO;
				ENABLE_STRICT_OBJC_MSGSEND = YES;
				GCC_C_LANGUAGE_STANDARD = gnu11;
				GCC_NO_COMMON_BLOCKS = YES;
				GCC_WARN_64_TO_32_BIT_CONVERSION = YES;
				GCC_WARN_ABOUT_RETURN_TYPE = YES_ERROR;
				GCC_WARN_UNDECLARED_SELECTOR = YES;
				GCC_WARN_UNINITIALIZED_AUTOS = YES_AGGRESSIVE;
				GCC_WARN_UNUSED_FUNCTION = YES;
				GCC_WARN_UNUSED_VARIABLE = YES;
				IPHONEOS_DEPLOYMENT_TARGET = 12.0;
				MTL_ENABLE_DEBUG_INFO = NO;
				MTL_FAST_MATH = YES;
				SDKROOT = iphoneos;
				SWIFT_COMPILATION_MODE = wholemodule;
				SWIFT_OPTIMIZATION_LEVEL = "-O";
				VALIDATE_PRODUCT = YES;
			};
			name = Release;
		};
		DC7001B42178D73B004953DB /* Debug */ = {
			isa = XCBuildConfiguration;
			buildSettings = {
				ALWAYS_EMBED_SWIFT_STANDARD_LIBRARIES = YES;
				ASSETCATALOG_COMPILER_APPICON_NAME = AppIcon;
				CODE_SIGN_ENTITLEMENTS = NanoChallengeNASA/NanoChallengeNASA.entitlements;
				CODE_SIGN_IDENTITY = "iPhone Developer";
				CODE_SIGN_STYLE = Automatic;
				DEVELOPMENT_TEAM = 2CU37X4Q76;
				INFOPLIST_FILE = NanoChallengeNASA/Info.plist;
				LD_RUNPATH_SEARCH_PATHS = (
					"$(inherited)",
					"@executable_path/Frameworks",
				);
				PRODUCT_BUNDLE_IDENTIFIER = academy.mateusrodrigues.NanoChallengeNASA;
				PRODUCT_NAME = "$(TARGET_NAME)";
				PROVISIONING_PROFILE_SPECIFIER = "";
				SWIFT_VERSION = 4.2;
				TARGETED_DEVICE_FAMILY = "1,2";
			};
			name = Debug;
		};
		DC7001B52178D73B004953DB /* Release */ = {
			isa = XCBuildConfiguration;
			buildSettings = {
				ALWAYS_EMBED_SWIFT_STANDARD_LIBRARIES = YES;
				ASSETCATALOG_COMPILER_APPICON_NAME = AppIcon;
				CODE_SIGN_ENTITLEMENTS = NanoChallengeNASA/NanoChallengeNASA.entitlements;
				CODE_SIGN_IDENTITY = "iPhone Developer";
				CODE_SIGN_STYLE = Automatic;
				DEVELOPMENT_TEAM = 2CU37X4Q76;
				INFOPLIST_FILE = NanoChallengeNASA/Info.plist;
				LD_RUNPATH_SEARCH_PATHS = (
					"$(inherited)",
					"@executable_path/Frameworks",
				);
				PRODUCT_BUNDLE_IDENTIFIER = academy.mateusrodrigues.NanoChallengeNASA;
				PRODUCT_NAME = "$(TARGET_NAME)";
				PROVISIONING_PROFILE_SPECIFIER = "";
				SWIFT_VERSION = 4.2;
				TARGETED_DEVICE_FAMILY = "1,2";
			};
			name = Release;
		};
		DCD45516217F3A8800A2FBFB /* Debug */ = {
			isa = XCBuildConfiguration;
			buildSettings = {
				CODE_SIGN_IDENTITY = "iPhone Developer";
				CODE_SIGN_STYLE = Automatic;
				DEVELOPMENT_TEAM = 2CU37X4Q76;
				INFOPLIST_FILE = NotificationService/Info.plist;
				LD_RUNPATH_SEARCH_PATHS = (
					"$(inherited)",
					"@executable_path/Frameworks",
					"@executable_path/../../Frameworks",
				);
				PRODUCT_BUNDLE_IDENTIFIER = academy.mateusrodrigues.NanoChallengeNASA.NotificationService;
				PRODUCT_NAME = "$(TARGET_NAME)";
				SKIP_INSTALL = YES;
				SWIFT_VERSION = 4.2;
				TARGETED_DEVICE_FAMILY = "1,2";
			};
			name = Debug;
		};
		DCD45517217F3A8800A2FBFB /* Release */ = {
			isa = XCBuildConfiguration;
			buildSettings = {
				CODE_SIGN_IDENTITY = "iPhone Developer";
				CODE_SIGN_STYLE = Automatic;
				DEVELOPMENT_TEAM = 2CU37X4Q76;
				INFOPLIST_FILE = NotificationService/Info.plist;
				LD_RUNPATH_SEARCH_PATHS = (
					"$(inherited)",
					"@executable_path/Frameworks",
					"@executable_path/../../Frameworks",
				);
				PRODUCT_BUNDLE_IDENTIFIER = academy.mateusrodrigues.NanoChallengeNASA.NotificationService;
				PRODUCT_NAME = "$(TARGET_NAME)";
				SKIP_INSTALL = YES;
				SWIFT_VERSION = 4.2;
				TARGETED_DEVICE_FAMILY = "1,2";
			};
			name = Release;
		};
/* End XCBuildConfiguration section */

/* Begin XCConfigurationList section */
		DC7001992178D73B004953DB /* Build configuration list for PBXProject "NanoChallengeNASA" */ = {
			isa = XCConfigurationList;
			buildConfigurations = (
				DC7001B12178D73B004953DB /* Debug */,
				DC7001B22178D73B004953DB /* Release */,
			);
			defaultConfigurationIsVisible = 0;
			defaultConfigurationName = Release;
		};
		DC7001B32178D73B004953DB /* Build configuration list for PBXNativeTarget "NanoChallengeNASA" */ = {
			isa = XCConfigurationList;
			buildConfigurations = (
				DC7001B42178D73B004953DB /* Debug */,
				DC7001B52178D73B004953DB /* Release */,
			);
			defaultConfigurationIsVisible = 0;
			defaultConfigurationName = Release;
		};
		DCD45515217F3A8800A2FBFB /* Build configuration list for PBXNativeTarget "NotificationService" */ = {
			isa = XCConfigurationList;
			buildConfigurations = (
				DCD45516217F3A8800A2FBFB /* Debug */,
				DCD45517217F3A8800A2FBFB /* Release */,
			);
			defaultConfigurationIsVisible = 0;
			defaultConfigurationName = Release;
		};
/* End XCConfigurationList section */

/* Begin XCVersionGroup section */
		DC7001A82178D73B004953DB /* NanoChallengeNASA.xcdatamodeld */ = {
			isa = XCVersionGroup;
			children = (
				DC7001A92178D73B004953DB /* NanoChallengeNASA.xcdatamodel */,
			);
			currentVersion = DC7001A92178D73B004953DB /* NanoChallengeNASA.xcdatamodel */;
			path = NanoChallengeNASA.xcdatamodeld;
			sourceTree = "<group>";
			versionGroupType = wrapper.xcdatamodel;
		};
/* End XCVersionGroup section */
	};
	rootObject = DC7001962178D73B004953DB /* Project object */;
}
